// !$*UTF8*$!
{
	archiveVersion = 1;
	classes = {
	};
	objectVersion = 56;
	objects = {

/* Begin PBXBuildFile section */
		0C0AB7EDB74422A79C71151D /* MedTrackerWidget.swift in Sources */ = {isa = PBXBuildFile; fileRef = 980BFC9B7EFD7E4C4D02B547 /* MedTrackerWidget.swift */; };
		2ED602DFD191A5DF3AE4149B /* AboutUsView.swift in Sources */ = {isa = PBXBuildFile; fileRef = F00ECB7CBA45FAC04C556F57 /* AboutUsView.swift */; };
		412BCB2261EDA85512EEEE89 /* MedTrackerWidgetExtension.appex in Embed Foundation Extensions */ = {isa = PBXBuildFile; fileRef = 6226F93B9707E7AD3D2DA46C /* MedTrackerWidgetExtension.appex */; settings = {ATTRIBUTES = (RemoveHeadersOnCopy, ); }; };
		6CB1B24A1E5FBA5726CC0101 /* MedicationLog.swift in Sources */ = {isa = PBXBuildFile; fileRef = MODELREF12C41D8E0006BEED4 /* MedicationLog.swift */; };
		6E959A76DC0FC9BB4A6C58CD /* SharedDatabase.swift in Sources */ = {isa = PBXBuildFile; fileRef = A97FF95AC4323101CF487683 /* SharedDatabase.swift */; };
		7684D66AB97D81FB7C6952B3 /* TermsView.swift in Sources */ = {isa = PBXBuildFile; fileRef = 2CF06C3EC7A9F78004BAB3B9 /* TermsView.swift */; };
		81DAB988EF10E11EDD17E522 /* SplashView.swift in Sources */ = {isa = PBXBuildFile; fileRef = 870A7C086F9735A09C05FA2E /* SplashView.swift */; };
		9B851C812C41D8DF006BEED4 /* MedTrackerApp.swift in Sources */ = {isa = PBXBuildFile; fileRef = 9B851C802C41D8DF006BEED4 /* MedTrackerApp.swift */; };
		9B851C832C41D8DF006BEED4 /* ContentView.swift in Sources */ = {isa = PBXBuildFile; fileRef = 9B851C822C41D8DF006BEED4 /* ContentView.swift */; };
		9B851C852C41D8E0006BEED4 /* Assets.xcassets in Resources */ = {isa = PBXBuildFile; fileRef = 9B851C842C41D8E0006BEED4 /* Assets.xcassets */; };
		9B851C882C41D8E0006BEED4 /* Preview Assets.xcassets in Resources */ = {isa = PBXBuildFile; fileRef = 9B851C872C41D8E0006BEED4 /* Preview Assets.xcassets */; };
		A1B2C3D4E5F6A7B8C9D0E1F2 /* AppLocalization.swift in Sources */ = {isa = PBXBuildFile; fileRef = A1B2C3D4E5F6A7B8C9D0E1F1 /* AppLocalization.swift */; };
		A1B2C3D4E5F6A7B8C9D0E1F3 /* AppLocalization.swift in Sources */ = {isa = PBXBuildFile; fileRef = A1B2C3D4E5F6A7B8C9D0E1F1 /* AppLocalization.swift */; };
		B0P1C2A3T4E5G6O7R8Y9B0 /* BloodPressureCategoryBadge.swift in Sources */ = {isa = PBXBuildFile; fileRef = B0P1C2A3T4E5G6O7R8Y9B1 /* BloodPressureCategoryBadge.swift */; };
		B2C3D4E5F60718293A4B5C6D /* AppBackground.swift in Sources */ = {isa = PBXBuildFile; fileRef = A1B2C3D4E5F60718293A4B5C /* AppBackground.swift */; };
		B7A9D1C2E3F405162738495A /* AppBrand.swift in Sources */ = {isa = PBXBuildFile; fileRef = B7A9D1C2E3F4051627384959 /* AppBrand.swift */; };
		B7A9D1C2E3F405162738495B /* AppBrand.swift in Sources */ = {isa = PBXBuildFile; fileRef = B7A9D1C2E3F4051627384959 /* AppBrand.swift */; };
		B7A9D1C2E3F405162738495C /* InfoPlist.strings in Resources */ = {isa = PBXBuildFile; fileRef = B7A9D1C2E3F405162738495D /* InfoPlist.strings */; };
		B8C7D6E5F4039281706A5B4C /* MedicationsSettingsView.swift in Sources */ = {isa = PBXBuildFile; fileRef = A9B8C7D6E5F4039281706A5B /* MedicationsSettingsView.swift */; };
		BP0000000000000000000002 /* BloodPressureChartView.swift in Sources */ = {isa = PBXBuildFile; fileRef = BP0000000000000000000001 /* BloodPressureChartView.swift */; };
		C70AB866F0D119D673C991A0 /* Foundation.framework in Frameworks */ = {isa = PBXBuildFile; fileRef = F6B28B383D1C077F6A60E93C /* Foundation.framework */; };
		CA75DDF73D2C4C511F9DB857 /* MedTrackerWidgetBundle.swift in Sources */ = {isa = PBXBuildFile; fileRef = 0E2B8E50C7B9DB48B21BF344 /* MedTrackerWidgetBundle.swift */; };
		CEFB41C1302E4A56AF536BA7 /* UserProfile.swift in Sources */ = {isa = PBXBuildFile; fileRef = MODELREF22C41D8E0006BEED4 /* UserProfile.swift */; };
		D4E5F60718293A4B5C6D7E8F /* ShareSheet.swift in Sources */ = {isa = PBXBuildFile; fileRef = C3D4E5F60718293A4B5C6D7E /* ShareSheet.swift */; };
		E4EB6D0920D3208D9AC5119B /* AppIntent.swift in Sources */ = {isa = PBXBuildFile; fileRef = 011571613D5C57B7060090D3 /* AppIntent.swift */; };
		E9ABE51C7C03D5B824D591D8 /* MedicalCardView.swift in Sources */ = {isa = PBXBuildFile; fileRef = F4280982BE33AEDE0AE52768 /* MedicalCardView.swift */; };
		F60718293A4B5C6D7E8F9012 /* MedTrackerExportDocument.swift in Sources */ = {isa = PBXBuildFile; fileRef = E5F60718293A4B5C6D7E8F90 /* MedTrackerExportDocument.swift */; };
		FBF419714E9A58DAC18B824C /* SharedDatabase.swift in Sources */ = {isa = PBXBuildFile; fileRef = A97FF95AC4323101CF487683 /* SharedDatabase.swift */; };
		G1E2N3E4R5A6T7E8D9L0C1 /* GeneratedLocalizations.swift in Sources */ = {isa = PBXBuildFile; fileRef = G1E2N3E4R5A6T7E8D9L0C0 /* GeneratedLocalizations.swift */; };
		G1E2N3E4R5A6T7E8D9L0C2 /* GeneratedLocalizations.swift in Sources */ = {isa = PBXBuildFile; fileRef = G1E2N3E4R5A6T7E8D9L0C0 /* GeneratedLocalizations.swift */; };
		M0O1D2F3A4C5E6V7I8E9W0 /* MoodFaceView.swift in Sources */ = {isa = PBXBuildFile; fileRef = M0O1D2F3A4C5E6V7I8E9W1 /* MoodFaceView.swift */; };
		MODEL0012C41D8E0006BEED4 /* MedicationLog.swift in Sources */ = {isa = PBXBuildFile; fileRef = MODELREF12C41D8E0006BEED4 /* MedicationLog.swift */; };
		MODEL0022C41D8E0006BEED4 /* UserProfile.swift in Sources */ = {isa = PBXBuildFile; fileRef = MODELREF22C41D8E0006BEED4 /* UserProfile.swift */; };
		NM0000000000000000000002 /* NotificationManager.swift in Sources */ = {isa = PBXBuildFile; fileRef = NM0000000000000000000001 /* NotificationManager.swift */; };
		R8E7M6I5N4D3E2R1S0E9T8I7 /* RemindersSettingsView.swift in Sources */ = {isa = PBXBuildFile; fileRef = R8E7M6I5N4D3E2R1S0E9T8I6 /* RemindersSettingsView.swift */; };
		S3T4U5P6G7U8I9D0E1V2W3X4 /* SetupGuideView.swift in Sources */ = {isa = PBXBuildFile; fileRef = S3T4U5P6G7U8I9D0E1V2W3X3 /* SetupGuideView.swift */; };
		S3T4U5R6I7N8G9V0I1E2W3X5 /* StatsRingViews.swift in Sources */ = {isa = PBXBuildFile; fileRef = S3T4U5R6I7N8G9V0I1E2W3X4 /* StatsRingViews.swift */; };
		STRING0012C41D8E0006BEED4 /* Localizable.xcstrings in Resources */ = {isa = PBXBuildFile; fileRef = STRINGREF12C41D8E0006BEED4 /* Localizable.xcstrings */; };
		STRING0012C41D8E0006BEED5 /* Localizable.xcstrings in Resources */ = {isa = PBXBuildFile; fileRef = STRINGREF12C41D8E0006BEED4 /* Localizable.xcstrings */; };
		VIEW0012C41D8E0006BEED4 /* HomeView.swift in Sources */ = {isa = PBXBuildFile; fileRef = VIEWREF12C41D8E0006BEED4 /* HomeView.swift */; };
		VIEW0022C41D8E0006BEED4 /* HistoryView.swift in Sources */ = {isa = PBXBuildFile; fileRef = VIEWREF22C41D8E0006BEED4 /* HistoryView.swift */; };
		VIEW0032C41D8E0006BEED4 /* ProfileView.swift in Sources */ = {isa = PBXBuildFile; fileRef = VIEWREF32C41D8E0006BEED4 /* ProfileView.swift */; };
/* End PBXBuildFile section */

/* Begin PBXContainerItemProxy section */
		ADF38FFBA456C0C6DB17EA8F /* PBXContainerItemProxy */ = {
			isa = PBXContainerItemProxy;
			containerPortal = 9B851C752C41D8DF006BEED4 /* Project object */;
			proxyType = 1;
			remoteGlobalIDString = 49B96925498668D457862CE9;
			remoteInfo = MedTrackerWidgetExtension;
		};
/* End PBXContainerItemProxy section */

/* Begin PBXCopyFilesBuildPhase section */
		391A1771AD0D6611DD68A85C /* Embed Foundation Extensions */ = {
			isa = PBXCopyFilesBuildPhase;
			buildActionMask = 2147483647;
			dstPath = "";
			dstSubfolderSpec = 13;
			files = (
				412BCB2261EDA85512EEEE89 /* MedTrackerWidgetExtension.appex in Embed Foundation Extensions */,
			);
			name = "Embed Foundation Extensions";
			runOnlyForDeploymentPostprocessing = 0;
		};
/* End PBXCopyFilesBuildPhase section */

/* Begin PBXFileReference section */
		011571613D5C57B7060090D3 /* AppIntent.swift */ = {isa = PBXFileReference; includeInIndex = 1; lastKnownFileType = sourcecode.swift; path = AppIntent.swift; sourceTree = "<group>"; };
		0E2B8E50C7B9DB48B21BF344 /* MedTrackerWidgetBundle.swift */ = {isa = PBXFileReference; includeInIndex = 1; lastKnownFileType = sourcecode.swift; path = MedTrackerWidgetBundle.swift; sourceTree = "<group>"; };
		21F235341DB6499C3450112A /* Info.plist */ = {isa = PBXFileReference; includeInIndex = 1; lastKnownFileType = text.plist.xml; path = Info.plist; sourceTree = "<group>"; };
		2CF06C3EC7A9F78004BAB3B9 /* TermsView.swift */ = {isa = PBXFileReference; includeInIndex = 1; lastKnownFileType = sourcecode.swift; path = TermsView.swift; sourceTree = "<group>"; };
		6226F93B9707E7AD3D2DA46C /* MedTrackerWidgetExtension.appex */ = {isa = PBXFileReference; explicitFileType = "wrapper.app-extension"; includeInIndex = 0; path = MedTrackerWidgetExtension.appex; sourceTree = BUILT_PRODUCTS_DIR; };
		870A7C086F9735A09C05FA2E /* SplashView.swift */ = {isa = PBXFileReference; lastKnownFileType = sourcecode.swift; path = SplashView.swift; sourceTree = "<group>"; };
		980BFC9B7EFD7E4C4D02B547 /* MedTrackerWidget.swift */ = {isa = PBXFileReference; includeInIndex = 1; lastKnownFileType = sourcecode.swift; path = MedTrackerWidget.swift; sourceTree = "<group>"; };
		9B851C7D2C41D8DF006BEED4 /* PillPal:MedTracker.app */ = {isa = PBXFileReference; explicitFileType = wrapper.application; includeInIndex = 0; path = "PillPal:MedTracker.app"; sourceTree = BUILT_PRODUCTS_DIR; };
		9B851C802C41D8DF006BEED4 /* MedTrackerApp.swift */ = {isa = PBXFileReference; lastKnownFileType = sourcecode.swift; path = MedTrackerApp.swift; sourceTree = "<group>"; };
		9B851C822C41D8DF006BEED4 /* ContentView.swift */ = {isa = PBXFileReference; lastKnownFileType = sourcecode.swift; path = ContentView.swift; sourceTree = "<group>"; };
		9B851C842C41D8E0006BEED4 /* Assets.xcassets */ = {isa = PBXFileReference; lastKnownFileType = folder.assetcatalog; path = Assets.xcassets; sourceTree = "<group>"; };
		9B851C872C41D8E0006BEED4 /* Preview Assets.xcassets */ = {isa = PBXFileReference; lastKnownFileType = folder.assetcatalog; path = "Preview Assets.xcassets"; sourceTree = "<group>"; };
		A1B2C3D4E5F60718293A4B5C /* AppBackground.swift */ = {isa = PBXFileReference; lastKnownFileType = sourcecode.swift; path = AppBackground.swift; sourceTree = "<group>"; };
		A1B2C3D4E5F6A7B8C9D0E1F1 /* AppLocalization.swift */ = {isa = PBXFileReference; lastKnownFileType = sourcecode.swift; path = AppLocalization.swift; sourceTree = "<group>"; };
		A97FF95AC4323101CF487683 /* SharedDatabase.swift */ = {isa = PBXFileReference; includeInIndex = 1; lastKnownFileType = sourcecode.swift; path = SharedDatabase.swift; sourceTree = "<group>"; };
		A9B8C7D6E5F4039281706A5B /* MedicationsSettingsView.swift */ = {isa = PBXFileReference; lastKnownFileType = sourcecode.swift; path = MedicationsSettingsView.swift; sourceTree = "<group>"; };
		B0P1C2A3T4E5G6O7R8Y9B1 /* BloodPressureCategoryBadge.swift */ = {isa = PBXFileReference; lastKnownFileType = sourcecode.swift; path = BloodPressureCategoryBadge.swift; sourceTree = "<group>"; };
		B7A9D1C2E3F4051627384959 /* AppBrand.swift */ = {isa = PBXFileReference; lastKnownFileType = sourcecode.swift; path = AppBrand.swift; sourceTree = "<group>"; };
		B7A9D1C2E3F405162738495E /* en */ = {isa = PBXFileReference; lastKnownFileType = text.plist.strings; name = en; path = en.lproj/InfoPlist.strings; sourceTree = "<group>"; };
		B7A9D1C2E3F405162738495F /* zh-Hant */ = {isa = PBXFileReference; lastKnownFileType = text.plist.strings; name = "zh-Hant"; path = "zh-Hant.lproj/InfoPlist.strings"; sourceTree = "<group>"; };
		BP0000000000000000000001 /* BloodPressureChartView.swift */ = {isa = PBXFileReference; lastKnownFileType = sourcecode.swift; path = BloodPressureChartView.swift; sourceTree = "<group>"; };
		C3D4E5F60718293A4B5C6D7E /* ShareSheet.swift */ = {isa = PBXFileReference; lastKnownFileType = sourcecode.swift; path = ShareSheet.swift; sourceTree = "<group>"; };
		CB86104A6E0F41CB7B6B161C /* MedTrackerWidget.entitlements */ = {isa = PBXFileReference; includeInIndex = 1; lastKnownFileType = text.plist.entitlements; path = MedTrackerWidget.entitlements; sourceTree = "<group>"; };
		E5F60718293A4B5C6D7E8F90 /* MedTrackerExportDocument.swift */ = {isa = PBXFileReference; lastKnownFileType = sourcecode.swift; path = MedTrackerExportDocument.swift; sourceTree = "<group>"; };
		F00ECB7CBA45FAC04C556F57 /* AboutUsView.swift */ = {isa = PBXFileReference; includeInIndex = 1; lastKnownFileType = sourcecode.swift; path = AboutUsView.swift; sourceTree = "<group>"; };
		F4280982BE33AEDE0AE52768 /* MedicalCardView.swift */ = {isa = PBXFileReference; lastKnownFileType = sourcecode.swift; path = MedicalCardView.swift; sourceTree = "<group>"; };
		F6B28B383D1C077F6A60E93C /* Foundation.framework */ = {isa = PBXFileReference; lastKnownFileType = wrapper.framework; name = Foundation.framework; path = Platforms/iPhoneOS.platform/Developer/SDKs/iPhoneOS26.0.sdk/System/Library/Frameworks/Foundation.framework; sourceTree = DEVELOPER_DIR; };
		G1E2N3E4R5A6T7E8D9L0C0 /* GeneratedLocalizations.swift */ = {isa = PBXFileReference; lastKnownFileType = sourcecode.swift; path = GeneratedLocalizations.swift; sourceTree = "<group>"; };
		M0O1D2F3A4C5E6V7I8E9W1 /* MoodFaceView.swift */ = {isa = PBXFileReference; lastKnownFileType = sourcecode.swift; path = MoodFaceView.swift; sourceTree = "<group>"; };
		MODELREF12C41D8E0006BEED4 /* MedicationLog.swift */ = {isa = PBXFileReference; lastKnownFileType = sourcecode.swift; path = MedicationLog.swift; sourceTree = "<group>"; };
		MODELREF22C41D8E0006BEED4 /* UserProfile.swift */ = {isa = PBXFileReference; lastKnownFileType = sourcecode.swift; path = UserProfile.swift; sourceTree = "<group>"; };
		NM0000000000000000000001 /* NotificationManager.swift */ = {isa = PBXFileReference; lastKnownFileType = sourcecode.swift; path = NotificationManager.swift; sourceTree = "<group>"; };
		R8E7M6I5N4D3E2R1S0E9T8I6 /* RemindersSettingsView.swift */ = {isa = PBXFileReference; lastKnownFileType = sourcecode.swift; path = RemindersSettingsView.swift; sourceTree = "<group>"; };
		S3T4U5P6G7U8I9D0E1V2W3X3 /* SetupGuideView.swift */ = {isa = PBXFileReference; lastKnownFileType = sourcecode.swift; path = SetupGuideView.swift; sourceTree = "<group>"; };
		S3T4U5R6I7N8G9V0I1E2W3X4 /* StatsRingViews.swift */ = {isa = PBXFileReference; lastKnownFileType = sourcecode.swift; path = StatsRingViews.swift; sourceTree = "<group>"; };
		STRINGREF12C41D8E0006BEED4 /* Localizable.xcstrings */ = {isa = PBXFileReference; lastKnownFileType = text.json.xcstrings; path = Localizable.xcstrings; sourceTree = "<group>"; };
		VIEWREF12C41D8E0006BEED4 /* HomeView.swift */ = {isa = PBXFileReference; lastKnownFileType = sourcecode.swift; path = HomeView.swift; sourceTree = "<group>"; };
		VIEWREF22C41D8E0006BEED4 /* HistoryView.swift */ = {isa = PBXFileReference; lastKnownFileType = sourcecode.swift; path = HistoryView.swift; sourceTree = "<group>"; };
		VIEWREF32C41D8E0006BEED4 /* ProfileView.swift */ = {isa = PBXFileReference; lastKnownFileType = sourcecode.swift; path = ProfileView.swift; sourceTree = "<group>"; };
/* End PBXFileReference section */

/* Begin PBXFrameworksBuildPhase section */
		3AFA43478EF55925561C8EB8 /* Frameworks */ = {
			isa = PBXFrameworksBuildPhase;
			buildActionMask = 2147483647;
			files = (
				C70AB866F0D119D673C991A0 /* Foundation.framework in Frameworks */,
			);
			runOnlyForDeploymentPostprocessing = 0;
		};
		9B851C7A2C41D8DF006BEED4 /* Frameworks */ = {
			isa = PBXFrameworksBuildPhase;
			buildActionMask = 2147483647;
			files = (
			);
			runOnlyForDeploymentPostprocessing = 0;
		};
/* End PBXFrameworksBuildPhase section */

/* Begin PBXGroup section */
		236B5CE97ABCD268F8D8A665 /* iOS */ = {
			isa = PBXGroup;
			children = (
				F6B28B383D1C077F6A60E93C /* Foundation.framework */,
			);
			name = iOS;
			sourceTree = "<group>";
		};
		5C19D3D0848B4151C6887F5C /* Frameworks */ = {
			isa = PBXGroup;
			children = (
				236B5CE97ABCD268F8D8A665 /* iOS */,
			);
			name = Frameworks;
			sourceTree = "<group>";
		};
		8F9368EF0BF710452D71545C /* MedTrackerWidget */ = {
			isa = PBXGroup;
			children = (
				0E2B8E50C7B9DB48B21BF344 /* MedTrackerWidgetBundle.swift */,
				980BFC9B7EFD7E4C4D02B547 /* MedTrackerWidget.swift */,
				011571613D5C57B7060090D3 /* AppIntent.swift */,
				21F235341DB6499C3450112A /* Info.plist */,
				CB86104A6E0F41CB7B6B161C /* MedTrackerWidget.entitlements */,
			);
			path = MedTrackerWidget;
			sourceTree = "<group>";
		};
		9B851C742C41D8DF006BEED4 = {
			isa = PBXGroup;
			children = (
				9B851C7F2C41D8DF006BEED4 /* MedTracker */,
				9B851C7E2C41D8DF006BEED4 /* Products */,
				5C19D3D0848B4151C6887F5C /* Frameworks */,
				8F9368EF0BF710452D71545C /* MedTrackerWidget */,
			);
			sourceTree = "<group>";
		};
		9B851C7E2C41D8DF006BEED4 /* Products */ = {
			isa = PBXGroup;
			children = (
				9B851C7D2C41D8DF006BEED4 /* PillPal:MedTracker.app */,
				6226F93B9707E7AD3D2DA46C /* MedTrackerWidgetExtension.appex */,
			);
			name = Products;
			sourceTree = "<group>";
		};
		9B851C7F2C41D8DF006BEED4 /* MedTracker */ = {
			isa = PBXGroup;
			children = (
				A1B2C3D4E5F6A7B8C9D0E1F1 /* AppLocalization.swift */,
				B7A9D1C2E3F4051627384959 /* AppBrand.swift */,
				G1E2N3E4R5A6T7E8D9L0C0 /* GeneratedLocalizations.swift */,
				NM0000000000000000000001 /* NotificationManager.swift */,
				STRINGREF12C41D8E0006BEED4 /* Localizable.xcstrings */,
				B7A9D1C2E3F405162738495D /* InfoPlist.strings */,
				9B851C802C41D8DF006BEED4 /* MedTrackerApp.swift */,
				9B851C822C41D8DF006BEED4 /* ContentView.swift */,
				9B851C842C41D8E0006BEED4 /* Assets.xcassets */,
				9B851C862C41D8E0006BEED4 /* Preview Content */,
				MODELGROUP2C41D8DF006BE /* Models */,
				VIEWGROUPC41D8DF006BEED /* Views */,
			);
			path = MedTracker;
			sourceTree = "<group>";
		};
		9B851C862C41D8E0006BEED4 /* Preview Content */ = {
			isa = PBXGroup;
			children = (
				9B851C872C41D8E0006BEED4 /* Preview Assets.xcassets */,
			);
			path = "Preview Content";
			sourceTree = "<group>";
		};
		MODELGROUP2C41D8DF006BE /* Models */ = {
			isa = PBXGroup;
			children = (
				MODELREF12C41D8E0006BEED4 /* MedicationLog.swift */,
				MODELREF22C41D8E0006BEED4 /* UserProfile.swift */,
				A97FF95AC4323101CF487683 /* SharedDatabase.swift */,
			);
			path = Models;
			sourceTree = "<group>";
		};
		VIEWGROUPC41D8DF006BEED /* Views */ = {
			isa = PBXGroup;
			children = (
				870A7C086F9735A09C05FA2E /* SplashView.swift */,
				F4280982BE33AEDE0AE52768 /* MedicalCardView.swift */,
				BP0000000000000000000001 /* BloodPressureChartView.swift */,
				VIEWREF12C41D8E0006BEED4 /* HomeView.swift */,
				VIEWREF22C41D8E0006BEED4 /* HistoryView.swift */,
				VIEWREF32C41D8E0006BEED4 /* ProfileView.swift */,
				A9B8C7D6E5F4039281706A5B /* MedicationsSettingsView.swift */,
				R8E7M6I5N4D3E2R1S0E9T8I6 /* RemindersSettingsView.swift */,
				S3T4U5P6G7U8I9D0E1V2W3X3 /* SetupGuideView.swift */,
				S3T4U5R6I7N8G9V0I1E2W3X4 /* StatsRingViews.swift */,
				M0O1D2F3A4C5E6V7I8E9W1 /* MoodFaceView.swift */,
				B0P1C2A3T4E5G6O7R8Y9B1 /* BloodPressureCategoryBadge.swift */,
				F00ECB7CBA45FAC04C556F57 /* AboutUsView.swift */,
				A1B2C3D4E5F60718293A4B5C /* AppBackground.swift */,
				C3D4E5F60718293A4B5C6D7E /* ShareSheet.swift */,
				E5F60718293A4B5C6D7E8F90 /* MedTrackerExportDocument.swift */,
				2CF06C3EC7A9F78004BAB3B9 /* TermsView.swift */,
			);
			path = Views;
			sourceTree = "<group>";
		};
/* End PBXGroup section */

/* Begin PBXNativeTarget section */
		49B96925498668D457862CE9 /* MedTrackerWidgetExtension */ = {
			isa = PBXNativeTarget;
			buildConfigurationList = D32299D1029F63775DB6CBF7 /* Build configuration list for PBXNativeTarget "MedTrackerWidgetExtension" */;
			buildPhases = (
				D6FFB9BB0F1801A3DD49DCD0 /* Sources */,
				3AFA43478EF55925561C8EB8 /* Frameworks */,
				8B603509F8B231324B903F50 /* Resources */,
			);
			buildRules = (
			);
			dependencies = (
			);
			name = MedTrackerWidgetExtension;
			productName = MedTrackerWidgetExtension;
			productReference = 6226F93B9707E7AD3D2DA46C /* MedTrackerWidgetExtension.appex */;
			productType = "com.apple.product-type.app-extension";
		};
		9B851C7C2C41D8DF006BEED4 /* MedTracker */ = {
			isa = PBXNativeTarget;
			buildConfigurationList = 9B851C8D2C41D8E0006BEED4 /* Build configuration list for PBXNativeTarget "MedTracker" */;
			buildPhases = (
				9B851C792C41D8DF006BEED4 /* Sources */,
				9B851C7A2C41D8DF006BEED4 /* Frameworks */,
				9B851C7B2C41D8DF006BEED4 /* Resources */,
				391A1771AD0D6611DD68A85C /* Embed Foundation Extensions */,
			);
			buildRules = (
			);
			dependencies = (
				A46522F6E305548BFD46A681 /* PBXTargetDependency */,
			);
			name = MedTracker;
			productName = MedTracker;
			productReference = 9B851C7D2C41D8DF006BEED4 /* PillPal:MedTracker.app */;
			productType = "com.apple.product-type.application";
		};
/* End PBXNativeTarget section */

/* Begin PBXProject section */
		9B851C752C41D8DF006BEED4 /* Project object */ = {
			isa = PBXProject;
			attributes = {
				BuildIndependentTargetsInParallel = 1;
				LastSwiftUpdateCheck = 1530;
				LastUpgradeCheck = 2660;
				TargetAttributes = {
					9B851C7C2C41D8DF006BEED4 = {
						CreatedOnToolsVersion = 15.3;
					};
				};
			};
			buildConfigurationList = 9B851C782C41D8DF006BEED4 /* Build configuration list for PBXProject "MedTracker" */;
			compatibilityVersion = "Xcode 14.0";
			developmentRegion = en;
			hasScannedForEncodings = 0;
			knownRegions = (
				en,
				Base,
				"zh-Hant",
			);
			mainGroup = 9B851C742C41D8DF006BEED4;
			productRefGroup = 9B851C7E2C41D8DF006BEED4 /* Products */;
			projectDirPath = "";
			projectRoot = "";
			targets = (
				9B851C7C2C41D8DF006BEED4 /* MedTracker */,
				49B96925498668D457862CE9 /* MedTrackerWidgetExtension */,
			);
		};
/* End PBXProject section */

/* Begin PBXResourcesBuildPhase section */
		8B603509F8B231324B903F50 /* Resources */ = {
			isa = PBXResourcesBuildPhase;
			buildActionMask = 2147483647;
			files = (
				STRING0012C41D8E0006BEED5 /* Localizable.xcstrings in Resources */,
			);
			runOnlyForDeploymentPostprocessing = 0;
		};
		9B851C7B2C41D8DF006BEED4 /* Resources */ = {
			isa = PBXResourcesBuildPhase;
			buildActionMask = 2147483647;
			files = (
				STRING0012C41D8E0006BEED4 /* Localizable.xcstrings in Resources */,
				B7A9D1C2E3F405162738495C /* InfoPlist.strings in Resources */,
				9B851C882C41D8E0006BEED4 /* Preview Assets.xcassets in Resources */,
				9B851C852C41D8E0006BEED4 /* Assets.xcassets in Resources */,
			);
			runOnlyForDeploymentPostprocessing = 0;
		};
/* End PBXResourcesBuildPhase section */

/* Begin PBXSourcesBuildPhase section */
		9B851C792C41D8DF006BEED4 /* Sources */ = {
			isa = PBXSourcesBuildPhase;
			buildActionMask = 2147483647;
			files = (
				81DAB988EF10E11EDD17E522 /* SplashView.swift in Sources */,
				E9ABE51C7C03D5B824D591D8 /* MedicalCardView.swift in Sources */,
				BP0000000000000000000002 /* BloodPressureChartView.swift in Sources */,
				NM0000000000000000000002 /* NotificationManager.swift in Sources */,
				9B851C832C41D8DF006BEED4 /* ContentView.swift in Sources */,
				MODEL0012C41D8E0006BEED4 /* MedicationLog.swift in Sources */,
				MODEL0022C41D8E0006BEED4 /* UserProfile.swift in Sources */,
				VIEW0012C41D8E0006BEED4 /* HomeView.swift in Sources */,
				VIEW0022C41D8E0006BEED4 /* HistoryView.swift in Sources */,
				VIEW0032C41D8E0006BEED4 /* ProfileView.swift in Sources */,
				B8C7D6E5F4039281706A5B4C /* MedicationsSettingsView.swift in Sources */,
				R8E7M6I5N4D3E2R1S0E9T8I7 /* RemindersSettingsView.swift in Sources */,
				S3T4U5P6G7U8I9D0E1V2W3X4 /* SetupGuideView.swift in Sources */,
				S3T4U5R6I7N8G9V0I1E2W3X5 /* StatsRingViews.swift in Sources */,
				M0O1D2F3A4C5E6V7I8E9W0 /* MoodFaceView.swift in Sources */,
				B0P1C2A3T4E5G6O7R8Y9B0 /* BloodPressureCategoryBadge.swift in Sources */,
				9B851C812C41D8DF006BEED4 /* MedTrackerApp.swift in Sources */,
				A1B2C3D4E5F6A7B8C9D0E1F2 /* AppLocalization.swift in Sources */,
				B7A9D1C2E3F405162738495A /* AppBrand.swift in Sources */,
				G1E2N3E4R5A6T7E8D9L0C1 /* GeneratedLocalizations.swift in Sources */,
				FBF419714E9A58DAC18B824C /* SharedDatabase.swift in Sources */,
				2ED602DFD191A5DF3AE4149B /* AboutUsView.swift in Sources */,
				B2C3D4E5F60718293A4B5C6D /* AppBackground.swift in Sources */,
				D4E5F60718293A4B5C6D7E8F /* ShareSheet.swift in Sources */,
				F60718293A4B5C6D7E8F9012 /* MedTrackerExportDocument.swift in Sources */,
				7684D66AB97D81FB7C6952B3 /* TermsView.swift in Sources */,
			);
			runOnlyForDeploymentPostprocessing = 0;
		};
		D6FFB9BB0F1801A3DD49DCD0 /* Sources */ = {
			isa = PBXSourcesBuildPhase;
			buildActionMask = 2147483647;
			files = (
				CA75DDF73D2C4C511F9DB857 /* MedTrackerWidgetBundle.swift in Sources */,
				0C0AB7EDB74422A79C71151D /* MedTrackerWidget.swift in Sources */,
				E4EB6D0920D3208D9AC5119B /* AppIntent.swift in Sources */,
				A1B2C3D4E5F6A7B8C9D0E1F3 /* AppLocalization.swift in Sources */,
				B7A9D1C2E3F405162738495B /* AppBrand.swift in Sources */,
				G1E2N3E4R5A6T7E8D9L0C2 /* GeneratedLocalizations.swift in Sources */,
				6CB1B24A1E5FBA5726CC0101 /* MedicationLog.swift in Sources */,
				CEFB41C1302E4A56AF536BA7 /* UserProfile.swift in Sources */,
				6E959A76DC0FC9BB4A6C58CD /* SharedDatabase.swift in Sources */,
			);
			runOnlyForDeploymentPostprocessing = 0;
		};
/* End PBXSourcesBuildPhase section */

/* Begin PBXTargetDependency section */
		A46522F6E305548BFD46A681 /* PBXTargetDependency */ = {
			isa = PBXTargetDependency;
			name = MedTrackerWidgetExtension;
			target = 49B96925498668D457862CE9 /* MedTrackerWidgetExtension */;
			targetProxy = ADF38FFBA456C0C6DB17EA8F /* PBXContainerItemProxy */;
		};
/* End PBXTargetDependency section */

/* Begin PBXVariantGroup section */
		B7A9D1C2E3F405162738495D /* InfoPlist.strings */ = {
			isa = PBXVariantGroup;
			children = (
				B7A9D1C2E3F405162738495E /* en */,
				B7A9D1C2E3F405162738495F /* zh-Hant */,
			);
			name = InfoPlist.strings;
			sourceTree = "<group>";
		};
/* End PBXVariantGroup section */

/* Begin XCBuildConfiguration section */
		4ABFD74C74074BAEE40136D1 /* Release */ = {
			isa = XCBuildConfiguration;
			buildSettings = {
				ASSETCATALOG_COMPILER_APPICON_NAME = AppIcon;
				ASSETCATALOG_COMPILER_GLOBAL_ACCENT_COLOR_NAME = AccentColor;
				CLANG_ENABLE_OBJC_WEAK = NO;
				CODE_SIGN_ENTITLEMENTS = MedTrackerWidget/MedTrackerWidget.entitlements;
				CODE_SIGN_STYLE = Automatic;
				DEVELOPMENT_TEAM = 7F99P68Z67;
				INFOPLIST_FILE = MedTrackerWidget/Info.plist;
				IPHONEOS_DEPLOYMENT_TARGET = 17.0;
				PRODUCT_BUNDLE_IDENTIFIER = com.borismak.PillPal.MedTrackerWidget;
				PRODUCT_NAME = "$(TARGET_NAME)";
				SDKROOT = iphoneos;
				SWIFT_VERSION = 5.0;
				TARGETED_DEVICE_FAMILY = "1,2";
				VALIDATE_PRODUCT = YES;
			};
			name = Release;
		};
		8B44F1EF66558E63573FC2D4 /* Debug */ = {
			isa = XCBuildConfiguration;
			buildSettings = {
				ASSETCATALOG_COMPILER_APPICON_NAME = AppIcon;
				ASSETCATALOG_COMPILER_GLOBAL_ACCENT_COLOR_NAME = AccentColor;
				CLANG_ENABLE_OBJC_WEAK = NO;
				CODE_SIGN_ENTITLEMENTS = MedTrackerWidget/MedTrackerWidget.entitlements;
				CODE_SIGN_STYLE = Automatic;
				DEVELOPMENT_TEAM = 7F99P68Z67;
				INFOPLIST_FILE = MedTrackerWidget/Info.plist;
				IPHONEOS_DEPLOYMENT_TARGET = 17.0;
				PRODUCT_BUNDLE_IDENTIFIER = com.borismak.PillPal.MedTrackerWidget;
				PRODUCT_NAME = "$(TARGET_NAME)";
				SDKROOT = iphoneos;
				SWIFT_VERSION = 5.0;
				TARGETED_DEVICE_FAMILY = "1,2";
			};
			name = Debug;
		};
		9B851C8B2C41D8E0006BEED4 /* Debug */ = {
			isa = XCBuildConfiguration;
			buildSettings = {
				ALWAYS_SEARCH_USER_PATHS = NO;
				ASSETCATALOG_COMPILER_GENERATE_SWIFT_ASSET_SYMBOL_EXTENSIONS = YES;
				CLANG_ANALYZER_NONNULL = YES;
				CLANG_ANALYZER_NUMBER_OBJECT_CONVERSION = YES_AGGRESSIVE;
				CLANG_CXX_LANGUAGE_STANDARD = "gnu++20";
				CLANG_ENABLE_MODULES = YES;
				CLANG_ENABLE_OBJC_ARC = YES;
				CLANG_ENABLE_OBJC_WEAK = YES;
				CLANG_WARN_BLOCK_CAPTURE_AUTORELEASING = YES;
				CLANG_WARN_BOOL_CONVERSION = YES;
				CLANG_WARN_COMMA = YES;
				CLANG_WARN_CONSTANT_CONVERSION = YES;
				CLANG_WARN_DEPRECATED_OBJC_IMPLEMENTATIONS = YES;
				CLANG_WARN_DIRECT_OBJC_ISA_USAGE = YES_ERROR;
				CLANG_WARN_DOCUMENTATION_COMMENTS = YES;
				CLANG_WARN_EMPTY_BODY = YES;
				CLANG_WARN_ENUM_CONVERSION = YES;
				CLANG_WARN_INFINITE_RECURSION = YES;
				CLANG_WARN_INT_CONVERSION = YES;
				CLANG_WARN_NON_LITERAL_NULL_CONVERSION = YES;
				CLANG_WARN_OBJC_IMPLICIT_RETAIN_SELF = YES;
				CLANG_WARN_OBJC_LITERAL_CONVERSION = YES;
				CLANG_WARN_OBJC_ROOT_CLASS = YES_ERROR;
				CLANG_WARN_QUOTED_INCLUDE_IN_FRAMEWORK_HEADER = YES;
				CLANG_WARN_RANGE_LOOP_ANALYSIS = YES;
				CLANG_WARN_STRICT_PROTOTYPES = YES;
				CLANG_WARN_SUSPICIOUS_MOVE = YES;
				CLANG_WARN_UNGUARDED_AVAILABILITY = YES_AGGRESSIVE;
				CLANG_WARN_UNREACHABLE_CODE = YES;
				CLANG_WARN__DUPLICATE_METHOD_MATCH = YES;
				COPY_PHASE_STRIP = NO;
				DEBUG_INFORMATION_FORMAT = dwarf;
				ENABLE_STRICT_OBJC_MSGSEND = YES;
				ENABLE_TESTABILITY = YES;
				ENABLE_USER_SCRIPT_SANDBOXING = YES;
				GCC_C_LANGUAGE_STANDARD = gnu17;
				GCC_DYNAMIC_NO_PIC = NO;
				GCC_NO_COMMON_BLOCKS = YES;
				GCC_OPTIMIZATION_LEVEL = 0;
				GCC_PREPROCESSOR_DEFINITIONS = (
					"DEBUG=1",
					"$(inherited)",
				);
				GCC_WARN_64_TO_32_BIT_CONVERSION = YES;
				GCC_WARN_ABOUT_RETURN_TYPE = YES_ERROR;
				GCC_WARN_UNDECLARED_SELECTOR = YES;
				GCC_WARN_UNINITIALIZED_AUTOS = YES_AGGRESSIVE;
				GCC_WARN_UNUSED_FUNCTION = YES;
				GCC_WARN_UNUSED_VARIABLE = YES;
				IPHONEOS_DEPLOYMENT_TARGET = 17.0;
				LOCALIZATION_PREFERS_STRING_CATALOGS = YES;
				MTL_ENABLE_DEBUG_INFO = INCLUDE_SOURCE;
				MTL_FAST_MATH = YES;
				ONLY_ACTIVE_ARCH = YES;
				SDKROOT = iphoneos;
				STRING_CATALOG_GENERATE_SYMBOLS = YES;
				SWIFT_ACTIVE_COMPILATION_CONDITIONS = "DEBUG $(inherited)";
				SWIFT_OPTIMIZATION_LEVEL = "-Onone";
			};
			name = Debug;
		};
		9B851C8C2C41D8E0006BEED4 /* Release */ = {
			isa = XCBuildConfiguration;
			buildSettings = {
				ALWAYS_SEARCH_USER_PATHS = NO;
				ASSETCATALOG_COMPILER_GENERATE_SWIFT_ASSET_SYMBOL_EXTENSIONS = YES;
				CLANG_ANALYZER_NONNULL = YES;
				CLANG_ANALYZER_NUMBER_OBJECT_CONVERSION = YES_AGGRESSIVE;
				CLANG_CXX_LANGUAGE_STANDARD = "gnu++20";
				CLANG_ENABLE_MODULES = YES;
				CLANG_ENABLE_OBJC_ARC = YES;
				CLANG_ENABLE_OBJC_WEAK = YES;
				CLANG_WARN_BLOCK_CAPTURE_AUTORELEASING = YES;
				CLANG_WARN_BOOL_CONVERSION = YES;
				CLANG_WARN_COMMA = YES;
				CLANG_WARN_CONSTANT_CONVERSION = YES;
				CLANG_WARN_DEPRECATED_OBJC_IMPLEMENTATIONS = YES;
				CLANG_WARN_DIRECT_OBJC_ISA_USAGE = YES_ERROR;
				CLANG_WARN_DOCUMENTATION_COMMENTS = YES;
				CLANG_WARN_EMPTY_BODY = YES;
				CLANG_WARN_ENUM_CONVERSION = YES;
				CLANG_WARN_INFINITE_RECURSION = YES;
				CLANG_WARN_INT_CONVERSION = YES;
				CLANG_WARN_NON_LITERAL_NULL_CONVERSION = YES;
				CLANG_WARN_OBJC_IMPLICIT_RETAIN_SELF = YES;
				CLANG_WARN_OBJC_LITERAL_CONVERSION = YES;
				CLANG_WARN_OBJC_ROOT_CLASS = YES_ERROR;
				CLANG_WARN_QUOTED_INCLUDE_IN_FRAMEWORK_HEADER = YES;
				CLANG_WARN_RANGE_LOOP_ANALYSIS = YES;
				CLANG_WARN_STRICT_PROTOTYPES = YES;
				CLANG_WARN_SUSPICIOUS_MOVE = YES;
				CLANG_WARN_UNGUARDED_AVAILABILITY = YES_AGGRESSIVE;
				CLANG_WARN_UNREACHABLE_CODE = YES;
				CLANG_WARN__DUPLICATE_METHOD_MATCH = YES;
				COPY_PHASE_STRIP = NO;
				DEBUG_INFORMATION_FORMAT = "dwarf-with-dsym";
				ENABLE_NS_ASSERTIONS = NO;
				ENABLE_STRICT_OBJC_MSGSEND = YES;
				ENABLE_USER_SCRIPT_SANDBOXING = YES;
				GCC_C_LANGUAGE_STANDARD = gnu17;
				GCC_NO_COMMON_BLOCKS = YES;
				GCC_WARN_64_TO_32_BIT_CONVERSION = YES;
				GCC_WARN_ABOUT_RETURN_TYPE = YES_ERROR;
				GCC_WARN_UNDECLARED_SELECTOR = YES;
				GCC_WARN_UNINITIALIZED_AUTOS = YES_AGGRESSIVE;
				GCC_WARN_UNUSED_FUNCTION = YES;
				GCC_WARN_UNUSED_VARIABLE = YES;
				IPHONEOS_DEPLOYMENT_TARGET = 17.0;
				LOCALIZATION_PREFERS_STRING_CATALOGS = YES;
				MTL_ENABLE_DEBUG_INFO = NO;
				MTL_FAST_MATH = YES;
				SDKROOT = iphoneos;
				STRING_CATALOG_GENERATE_SYMBOLS = YES;
				SWIFT_COMPILATION_MODE = wholemodule;
				SWIFT_OPTIMIZATION_LEVEL = "-O";
				VALIDATE_PRODUCT = YES;
			};
			name = Release;
		};
		9B851C8E2C41D8E0006BEED4 /* Debug */ = {
			isa = XCBuildConfiguration;
			buildSettings = {
				ASSETCATALOG_COMPILER_APPICON_NAME = AppIcon;
				ASSETCATALOG_COMPILER_GLOBAL_ACCENT_COLOR_NAME = AccentColor;
				CODE_SIGN_ENTITLEMENTS = MedTracker/MedTracker.entitlements;
				CODE_SIGN_STYLE = Automatic;
				CURRENT_PROJECT_VERSION = 1;
				DEVELOPMENT_ASSET_PATHS = "\"MedTracker/Preview Content\"";
				DEVELOPMENT_TEAM = 7F99P68Z67;
				ENABLE_PREVIEWS = YES;
				GENERATE_INFOPLIST_FILE = YES;
				INFOPLIST_KEY_CFBundleDisplayName = PillPal;
				INFOPLIST_KEY_UIApplicationSceneManifest_Generation = YES;
				INFOPLIST_KEY_UIApplicationSupportsIndirectInputEvents = YES;
				INFOPLIST_KEY_UILaunchScreen_Generation = YES;
				INFOPLIST_KEY_UISupportedInterfaceOrientations_iPad = UIInterfaceOrientationPortrait;
				INFOPLIST_KEY_UISupportedInterfaceOrientations_iPhone = UIInterfaceOrientationPortrait;
				LD_RUNPATH_SEARCH_PATHS = (
					"$(inherited)",
					"@executable_path/Frameworks",
				);
				MARKETING_VERSION = 1.0;
				PRODUCT_BUNDLE_IDENTIFIER = com.borismak.PillPal;
				PRODUCT_NAME = "PillPal:MedTracker";
				SWIFT_EMIT_LOC_STRINGS = YES;
				SWIFT_VERSION = 5.0;
				TARGETED_DEVICE_FAMILY = "1,2";
			};
			name = Debug;
		};
		9B851C8F2C41D8E0006BEED4 /* Release */ = {
			isa = XCBuildConfiguration;
			buildSettings = {
				ASSETCATALOG_COMPILER_APPICON_NAME = AppIcon;
				ASSETCATALOG_COMPILER_GLOBAL_ACCENT_COLOR_NAME = AccentColor;
				CODE_SIGN_ENTITLEMENTS = MedTracker/MedTracker.entitlements;
				CODE_SIGN_STYLE = Automatic;
				CURRENT_PROJECT_VERSION = 1;
				DEVELOPMENT_ASSET_PATHS = "\"MedTracker/Preview Content\"";
				DEVELOPMENT_TEAM = 7F99P68Z67;
				ENABLE_PREVIEWS = YES;
				GENERATE_INFOPLIST_FILE = YES;
				INFOPLIST_KEY_CFBundleDisplayName = PillPal;
				INFOPLIST_KEY_UIApplicationSceneManifest_Generation = YES;
				INFOPLIST_KEY_UIApplicationSupportsIndirectInputEvents = YES;
				INFOPLIST_KEY_UILaunchScreen_Generation = YES;
				INFOPLIST_KEY_UISupportedInterfaceOrientations_iPad = UIInterfaceOrientationPortrait;
				INFOPLIST_KEY_UISupportedInterfaceOrientations_iPhone = UIInterfaceOrientationPortrait;
				LD_RUNPATH_SEARCH_PATHS = (
					"$(inherited)",
					"@executable_path/Frameworks",
				);
				MARKETING_VERSION = 1.0;
				PRODUCT_BUNDLE_IDENTIFIER = com.borismak.PillPal;
				PRODUCT_NAME = "PillPal:MedTracker";
				SWIFT_EMIT_LOC_STRINGS = YES;
				SWIFT_VERSION = 5.0;
				TARGETED_DEVICE_FAMILY = "1,2";
			};
			name = Release;
		};
/* End XCBuildConfiguration section */

/* Begin XCConfigurationList section */
		9B851C782C41D8DF006BEED4 /* Build configuration list for PBXProject "MedTracker" */ = {
			isa = XCConfigurationList;
			buildConfigurations = (
				9B851C8B2C41D8E0006BEED4 /* Debug */,
				9B851C8C2C41D8E0006BEED4 /* Release */,
			);
			defaultConfigurationIsVisible = 0;
			defaultConfigurationName = Release;
		};
		9B851C8D2C41D8E0006BEED4 /* Build configuration list for PBXNativeTarget "MedTracker" */ = {
			isa = XCConfigurationList;
			buildConfigurations = (
				9B851C8E2C41D8E0006BEED4 /* Debug */,
				9B851C8F2C41D8E0006BEED4 /* Release */,
			);
			defaultConfigurationIsVisible = 0;
			defaultConfigurationName = Release;
		};
		D32299D1029F63775DB6CBF7 /* Build configuration list for PBXNativeTarget "MedTrackerWidgetExtension" */ = {
			isa = XCConfigurationList;
			buildConfigurations = (
				4ABFD74C74074BAEE40136D1 /* Release */,
				8B44F1EF66558E63573FC2D4 /* Debug */,
			);
			defaultConfigurationIsVisible = 0;
			defaultConfigurationName = Release;
		};
/* End XCConfigurationList section */
	};
	rootObject = 9B851C752C41D8DF006BEED4 /* Project object */;
}
