// !$*UTF8*$!
{
	archiveVersion = 1;
	classes = {
	};
	objectVersion = 56;
	objects = {

/* Begin PBXBuildFile section */
		81DAB988EF10E11EDD17E522 /* SplashView.swift in Sources */ = {isa = PBXBuildFile; fileRef = 870A7C086F9735A09C05FA2E /* SplashView.swift */; };
		E9ABE51C7C03D5B824D591D8 /* MedicalCardView.swift in Sources */ = {isa = PBXBuildFile; fileRef = F4280982BE33AEDE0AE52768 /* MedicalCardView.swift */; };
		STRING0012C41D8E0006BEED4 /* Localizable.xcstrings in Resources */ = {isa = PBXBuildFile; fileRef = STRINGREF12C41D8E0006BEED4 /* Localizable.xcstrings */; };
		9B851C812C41D8DF006BEED4 /* MedTrackerApp.swift in Sources */ = {isa = PBXBuildFile; fileRef = 9B851C802C41D8DF006BEED4 /* MedTrackerApp.swift */; };
		9B851C832C41D8DF006BEED4 /* ContentView.swift in Sources */ = {isa = PBXBuildFile; fileRef = 9B851C822C41D8DF006BEED4 /* ContentView.swift */; };
		9B851C852C41D8E0006BEED4 /* Assets.xcassets in Resources */ = {isa = PBXBuildFile; fileRef = 9B851C842C41D8E0006BEED4 /* Assets.xcassets */; };
		9B851C882C41D8E0006BEED4 /* Preview Assets.xcassets in Resources */ = {isa = PBXBuildFile; fileRef = 9B851C872C41D8E0006BEED4 /* Preview Assets.xcassets */; };
		MODEL0012C41D8E0006BEED4 /* MedicationLog.swift in Sources */ = {isa = PBXBuildFile; fileRef = MODELREF12C41D8E0006BEED4 /* MedicationLog.swift */; };
		MODEL0022C41D8E0006BEED4 /* UserProfile.swift in Sources */ = {isa = PBXBuildFile; fileRef = MODELREF22C41D8E0006BEED4 /* UserProfile.swift */; };
		VIEW0012C41D8E0006BEED4 /* HomeView.swift in Sources */ = {isa = PBXBuildFile; fileRef = VIEWREF12C41D8E0006BEED4 /* HomeView.swift */; };
		VIEW0022C41D8E0006BEED4 /* HistoryView.swift in Sources */ = {isa = PBXBuildFile; fileRef = VIEWREF22C41D8E0006BEED4 /* HistoryView.swift */; };
		VIEW0032C41D8E0006BEED4 /* ProfileView.swift in Sources */ = {isa = PBXBuildFile; fileRef = VIEWREF32C41D8E0006BEED4 /* ProfileView.swift */; };
      NM0000000000000000000002 /* NotificationManager.swift in Sources */ = {isa = PBXBuildFile; fileRef = NM0000000000000000000001 /* NotificationManager.swift */; };
      BP0000000000000000000002 /* BloodPressureChartView.swift in Sources */ = {isa = PBXBuildFile; fileRef = BP0000000000000000000001 /* BloodPressureChartView.swift */; };
/* End PBXBuildFile section */

/* Begin PBXFileReference section */
		870A7C086F9735A09C05FA2E /* SplashView.swift */ = {isa = PBXFileReference; lastKnownFileType = sourcecode.swift; path = SplashView.swift; sourceTree = "<group>"; };
		F4280982BE33AEDE0AE52768 /* MedicalCardView.swift */ = {isa = PBXFileReference; lastKnownFileType = sourcecode.swift; path = MedicalCardView.swift; sourceTree = "<group>"; };
		STRINGREF12C41D8E0006BEED4 /* Localizable.xcstrings */ = {isa = PBXFileReference; lastKnownFileType = text.json.xcstrings; path = Localizable.xcstrings; sourceTree = "<group>"; };
		9B851C7D2C41D8DF006BEED4 /* MedTracker.app */ = {isa = PBXFileReference; explicitFileType = wrapper.application; includeInIndex = 0; path = MedTracker.app; sourceTree = BUILT_PRODUCTS_DIR; };
		9B851C802C41D8DF006BEED4 /* MedTrackerApp.swift */ = {isa = PBXFileReference; lastKnownFileType = sourcecode.swift; path = MedTrackerApp.swift; sourceTree = "<group>"; };
		9B851C822C41D8DF006BEED4 /* ContentView.swift */ = {isa = PBXFileReference; lastKnownFileType = sourcecode.swift; path = ContentView.swift; sourceTree = "<group>"; };
		9B851C842C41D8E0006BEED4 /* Assets.xcassets */ = {isa = PBXFileReference; lastKnownFileType = folder.assetcatalog; path = Assets.xcassets; sourceTree = "<group>"; };
		9B851C872C41D8E0006BEED4 /* Preview Assets.xcassets */ = {isa = PBXFileReference; lastKnownFileType = folder.assetcatalog; path = "Preview Assets.xcassets"; sourceTree = "<group>"; };
		MODELREF12C41D8E0006BEED4 /* MedicationLog.swift */ = {isa = PBXFileReference; lastKnownFileType = sourcecode.swift; path = MedicationLog.swift; sourceTree = "<group>"; };
		MODELREF22C41D8E0006BEED4 /* UserProfile.swift */ = {isa = PBXFileReference; lastKnownFileType = sourcecode.swift; path = UserProfile.swift; sourceTree = "<group>"; };
		VIEWREF12C41D8E0006BEED4 /* HomeView.swift */ = {isa = PBXFileReference; lastKnownFileType = sourcecode.swift; path = HomeView.swift; sourceTree = "<group>"; };
		VIEWREF22C41D8E0006BEED4 /* HistoryView.swift */ = {isa = PBXFileReference; lastKnownFileType = sourcecode.swift; path = HistoryView.swift; sourceTree = "<group>"; };
		VIEWREF32C41D8E0006BEED4 /* ProfileView.swift */ = {isa = PBXFileReference; lastKnownFileType = sourcecode.swift; path = ProfileView.swift; sourceTree = "<group>"; };
      NM0000000000000000000001 /* NotificationManager.swift */ = {isa = PBXFileReference; lastKnownFileType = sourcecode.swift; path = NotificationManager.swift; sourceTree = "<group>"; };
      BP0000000000000000000001 /* BloodPressureChartView.swift */ = {isa = PBXFileReference; lastKnownFileType = sourcecode.swift; path = BloodPressureChartView.swift; sourceTree = "<group>"; };
/* End PBXFileReference section */

/* Begin PBXFrameworksBuildPhase section */
		9B851C7A2C41D8DF006BEED4 /* Frameworks */ = {
			isa = PBXFrameworksBuildPhase;
			buildActionMask = 2147483647;
			files = (
			);
			runOnlyForDeploymentPostprocessing = 0;
		};
/* End PBXFrameworksBuildPhase section */

/* Begin PBXGroup section */
		9B851C742C41D8DF006BEED4 = {
			isa = PBXGroup;
			children = (
				9B851C7F2C41D8DF006BEED4 /* MedTracker */,
				9B851C7E2C41D8DF006BEED4 /* Products */,
			);
			sourceTree = "<group>";
		};
		9B851C7E2C41D8DF006BEED4 /* Products */ = {
			isa = PBXGroup;
			children = (
				9B851C7D2C41D8DF006BEED4 /* MedTracker.app */,
			);
			name = Products;
			sourceTree = "<group>";
		};
		9B851C7F2C41D8DF006BEED4 /* MedTracker */ = {
			isa = PBXGroup;
			children = (
            NM0000000000000000000001 /* NotificationManager.swift */,
				STRINGREF12C41D8E0006BEED4 /* Localizable.xcstrings */,
				9B851C802C41D8DF006BEED4 /* MedTrackerApp.swift */,
				9B851C822C41D8DF006BEED4 /* ContentView.swift */,
				9B851C842C41D8E0006BEED4 /* Assets.xcassets */,
				9B851C862C41D8E0006BEED4 /* Preview Content */,
				MODELGROUP2C41D8DF006BE /* Models */,
				VIEWGROUPC41D8DF006BEED /* Views */,
			);
			path = MedTracker;
			sourceTree = "<group>";
		};
		9B851C862C41D8E0006BEED4 /* Preview Content */ = {
			isa = PBXGroup;
			children = (
				9B851C872C41D8E0006BEED4 /* Preview Assets.xcassets */,
			);
			path = "Preview Content";
			sourceTree = "<group>";
		};
		MODELGROUP2C41D8DF006BE /* Models */ = {
			isa = PBXGroup;
			children = (
				MODELREF12C41D8E0006BEED4 /* MedicationLog.swift */,
				MODELREF22C41D8E0006BEED4 /* UserProfile.swift */,
			);
			path = Models;
			sourceTree = "<group>";
		};
		VIEWGROUPC41D8DF006BEED /* Views */ = {
			isa = PBXGroup;
			children = (
				870A7C086F9735A09C05FA2E /* SplashView.swift */,
				F4280982BE33AEDE0AE52768 /* MedicalCardView.swift */,
				BP0000000000000000000001 /* BloodPressureChartView.swift */,
				VIEWREF12C41D8E0006BEED4 /* HomeView.swift */,
				VIEWREF22C41D8E0006BEED4 /* HistoryView.swift */,
				VIEWREF32C41D8E0006BEED4 /* ProfileView.swift */,
			);
			path = Views;
			sourceTree = "<group>";
		};
		VIEWMODELGROUPC41D8DF00 /* ViewModels */ = {
			isa = PBXGroup;
			children = (
				VMREF12C41D8E0006BEED4 /* MedTrackerViewModel.swift */,
			);
			path = ViewModels;
			sourceTree = "<group>";
		};
/* End PBXGroup section */

/* Begin PBXNativeTarget section */
		9B851C7C2C41D8DF006BEED4 /* MedTracker */ = {
			isa = PBXNativeTarget;
			buildConfigurationList = 9B851C8D2C41D8E0006BEED4 /* Build configuration list for PBXNativeTarget "MedTracker" */;
			buildPhases = (
				9B851C792C41D8DF006BEED4 /* Sources */,
				9B851C7A2C41D8DF006BEED4 /* Frameworks */,
				9B851C7B2C41D8DF006BEED4 /* Resources */,
			);
			buildRules = (
			);
			dependencies = (
			);
			name = MedTracker;
			productName = MedTracker;
			productReference = 9B851C7D2C41D8DF006BEED4 /* MedTracker.app */;
			productType = "com.apple.product-type.application";
		};
/* End PBXNativeTarget section */

/* Begin PBXProject section */
		9B851C752C41D8DF006BEED4 /* Project object */ = {
			isa = PBXProject;
			attributes = {
				BuildIndependentTargetsInParallel = 1;
				LastSwiftUpdateCheck = 1530;
				LastUpgradeCheck = 2660;
				TargetAttributes = {
					9B851C7C2C41D8DF006BEED4 = {
						CreatedOnToolsVersion = 15.3;
					};
				};
			};
			buildConfigurationList = 9B851C782C41D8DF006BEED4 /* Build configuration list for PBXProject "MedTracker" */;
			compatibilityVersion = "Xcode 14.0";
			developmentRegion = en;
			hasScannedForEncodings = 0;
			knownRegions = (
				en,
				Base,
			);
			mainGroup = 9B851C742C41D8DF006BEED4;
			productRefGroup = 9B851C7E2C41D8DF006BEED4 /* Products */;
			projectDirPath = "";
			projectRoot = "";
			targets = (
				9B851C7C2C41D8DF006BEED4 /* MedTracker */,
			);
		};
/* End PBXProject section */

/* Begin PBXResourcesBuildPhase section */
		9B851C7B2C41D8DF006BEED4 /* Resources */ = {
			isa = PBXResourcesBuildPhase;
			buildActionMask = 2147483647;
			files = (
				STRING0012C41D8E0006BEED4 /* Localizable.xcstrings in Resources */,
				9B851C882C41D8E0006BEED4 /* Preview Assets.xcassets in Resources */,
				9B851C852C41D8E0006BEED4 /* Assets.xcassets in Resources */,
			);
			runOnlyForDeploymentPostprocessing = 0;
		};
/* End PBXResourcesBuildPhase section */

/* Begin PBXSourcesBuildPhase section */
		9B851C792C41D8DF006BEED4 /* Sources */ = {
			isa = PBXSourcesBuildPhase;
			buildActionMask = 2147483647;
			files = (
				81DAB988EF10E11EDD17E522 /* SplashView.swift in Sources */,
				E9ABE51C7C03D5B824D591D8 /* MedicalCardView.swift in Sources */,
            BP0000000000000000000002 /* BloodPressureChartView.swift in Sources */,
            NM0000000000000000000002 /* NotificationManager.swift in Sources */,
				9B851C832C41D8DF006BEED4 /* ContentView.swift in Sources */,
				MODEL0012C41D8E0006BEED4 /* MedicationLog.swift in Sources */,
				MODEL0022C41D8E0006BEED4 /* UserProfile.swift in Sources */,
				VIEW0012C41D8E0006BEED4 /* HomeView.swift in Sources */,
				VIEW0022C41D8E0006BEED4 /* HistoryView.swift in Sources */,
				VIEW0032C41D8E0006BEED4 /* ProfileView.swift in Sources */,
				9B851C812C41D8DF006BEED4 /* MedTrackerApp.swift in Sources */,
			);
			runOnlyForDeploymentPostprocessing = 0;
		};
/* End PBXSourcesBuildPhase section */

/* Begin XCBuildConfiguration section */
		9B851C8B2C41D8E0006BEED4 /* Debug */ = {
			isa = XCBuildConfiguration;
			buildSettings = {
				ALWAYS_SEARCH_USER_PATHS = NO;
				ASSETCATALOG_COMPILER_GENERATE_SWIFT_ASSET_SYMBOL_EXTENSIONS = YES;
				CLANG_ANALYZER_NONNULL = YES;
				CLANG_ANALYZER_NUMBER_OBJECT_CONVERSION = YES_AGGRESSIVE;
				CLANG_CXX_LANGUAGE_STANDARD = "gnu++20";
				CLANG_ENABLE_MODULES = YES;
				CLANG_ENABLE_OBJC_ARC = YES;
				CLANG_ENABLE_OBJC_WEAK = YES;
				CLANG_WARN_BLOCK_CAPTURE_AUTORELEASING = YES;
				CLANG_WARN_BOOL_CONVERSION = YES;
				CLANG_WARN_COMMA = YES;
				CLANG_WARN_CONSTANT_CONVERSION = YES;
				CLANG_WARN_DEPRECATED_OBJC_IMPLEMENTATIONS = YES;
				CLANG_WARN_DIRECT_OBJC_ISA_USAGE = YES_ERROR;
				CLANG_WARN_DOCUMENTATION_COMMENTS = YES;
				CLANG_WARN_EMPTY_BODY = YES;
				CLANG_WARN_ENUM_CONVERSION = YES;
				CLANG_WARN_INFINITE_RECURSION = YES;
				CLANG_WARN_INT_CONVERSION = YES;
				CLANG_WARN_NON_LITERAL_NULL_CONVERSION = YES;
				CLANG_WARN_OBJC_IMPLICIT_RETAIN_SELF = YES;
				CLANG_WARN_OBJC_LITERAL_CONVERSION = YES;
				CLANG_WARN_OBJC_ROOT_CLASS = YES_ERROR;
				CLANG_WARN_QUOTED_INCLUDE_IN_FRAMEWORK_HEADER = YES;
				CLANG_WARN_RANGE_LOOP_ANALYSIS = YES;
				CLANG_WARN_STRICT_PROTOTYPES = YES;
				CLANG_WARN_SUSPICIOUS_MOVE = YES;
				CLANG_WARN_UNGUARDED_AVAILABILITY = YES_AGGRESSIVE;
				CLANG_WARN_UNREACHABLE_CODE = YES;
				CLANG_WARN__DUPLICATE_METHOD_MATCH = YES;
				COPY_PHASE_STRIP = NO;
				DEBUG_INFORMATION_FORMAT = dwarf;
				ENABLE_STRICT_OBJC_MSGSEND = YES;
				ENABLE_TESTABILITY = YES;
				ENABLE_USER_SCRIPT_SANDBOXING = YES;
				GCC_C_LANGUAGE_STANDARD = gnu17;
				GCC_DYNAMIC_NO_PIC = NO;
				GCC_NO_COMMON_BLOCKS = YES;
				GCC_OPTIMIZATION_LEVEL = 0;
				GCC_PREPROCESSOR_DEFINITIONS = (
					"DEBUG=1",
					"$(inherited)",
				);
				GCC_WARN_64_TO_32_BIT_CONVERSION = YES;
				GCC_WARN_ABOUT_RETURN_TYPE = YES_ERROR;
				GCC_WARN_UNDECLARED_SELECTOR = YES;
				GCC_WARN_UNINITIALIZED_AUTOS = YES_AGGRESSIVE;
				GCC_WARN_UNUSED_FUNCTION = YES;
				GCC_WARN_UNUSED_VARIABLE = YES;
				IPHONEOS_DEPLOYMENT_TARGET = 17.0;
				LOCALIZATION_PREFERS_STRING_CATALOGS = YES;
				MTL_ENABLE_DEBUG_INFO = INCLUDE_SOURCE;
				MTL_FAST_MATH = YES;
				ONLY_ACTIVE_ARCH = YES;
				SDKROOT = iphoneos;
				STRING_CATALOG_GENERATE_SYMBOLS = YES;
				SWIFT_ACTIVE_COMPILATION_CONDITIONS = "DEBUG $(inherited)";
				SWIFT_OPTIMIZATION_LEVEL = "-Onone";
			};
			name = Debug;
		};
		9B851C8C2C41D8E0006BEED4 /* Release */ = {
			isa = XCBuildConfiguration;
			buildSettings = {
				ALWAYS_SEARCH_USER_PATHS = NO;
				ASSETCATALOG_COMPILER_GENERATE_SWIFT_ASSET_SYMBOL_EXTENSIONS = YES;
				CLANG_ANALYZER_NONNULL = YES;
				CLANG_ANALYZER_NUMBER_OBJECT_CONVERSION = YES_AGGRESSIVE;
				CLANG_CXX_LANGUAGE_STANDARD = "gnu++20";
				CLANG_ENABLE_MODULES = YES;
				CLANG_ENABLE_OBJC_ARC = YES;
				CLANG_ENABLE_OBJC_WEAK = YES;
				CLANG_WARN_BLOCK_CAPTURE_AUTORELEASING = YES;
				CLANG_WARN_BOOL_CONVERSION = YES;
				CLANG_WARN_COMMA = YES;
				CLANG_WARN_CONSTANT_CONVERSION = YES;
				CLANG_WARN_DEPRECATED_OBJC_IMPLEMENTATIONS = YES;
				CLANG_WARN_DIRECT_OBJC_ISA_USAGE = YES_ERROR;
				CLANG_WARN_DOCUMENTATION_COMMENTS = YES;
				CLANG_WARN_EMPTY_BODY = YES;
				CLANG_WARN_ENUM_CONVERSION = YES;
				CLANG_WARN_INFINITE_RECURSION = YES;
				CLANG_WARN_INT_CONVERSION = YES;
				CLANG_WARN_NON_LITERAL_NULL_CONVERSION = YES;
				CLANG_WARN_OBJC_IMPLICIT_RETAIN_SELF = YES;
				CLANG_WARN_OBJC_LITERAL_CONVERSION = YES;
				CLANG_WARN_OBJC_ROOT_CLASS = YES_ERROR;
				CLANG_WARN_QUOTED_INCLUDE_IN_FRAMEWORK_HEADER = YES;
				CLANG_WARN_RANGE_LOOP_ANALYSIS = YES;
				CLANG_WARN_STRICT_PROTOTYPES = YES;
				CLANG_WARN_SUSPICIOUS_MOVE = YES;
				CLANG_WARN_UNGUARDED_AVAILABILITY = YES_AGGRESSIVE;
				CLANG_WARN_UNREACHABLE_CODE = YES;
				CLANG_WARN__DUPLICATE_METHOD_MATCH = YES;
				COPY_PHASE_STRIP = NO;
				DEBUG_INFORMATION_FORMAT = "dwarf-with-dsym";
				ENABLE_NS_ASSERTIONS = NO;
				ENABLE_STRICT_OBJC_MSGSEND = YES;
				ENABLE_USER_SCRIPT_SANDBOXING = YES;
				GCC_C_LANGUAGE_STANDARD = gnu17;
				GCC_NO_COMMON_BLOCKS = YES;
				GCC_WARN_64_TO_32_BIT_CONVERSION = YES;
				GCC_WARN_ABOUT_RETURN_TYPE = YES_ERROR;
				GCC_WARN_UNDECLARED_SELECTOR = YES;
				GCC_WARN_UNINITIALIZED_AUTOS = YES_AGGRESSIVE;
				GCC_WARN_UNUSED_FUNCTION = YES;
				GCC_WARN_UNUSED_VARIABLE = YES;
				IPHONEOS_DEPLOYMENT_TARGET = 17.0;
				LOCALIZATION_PREFERS_STRING_CATALOGS = YES;
				MTL_ENABLE_DEBUG_INFO = NO;
				MTL_FAST_MATH = YES;
				SDKROOT = iphoneos;
				STRING_CATALOG_GENERATE_SYMBOLS = YES;
				SWIFT_COMPILATION_MODE = wholemodule;
				SWIFT_OPTIMIZATION_LEVEL = "-O";
				VALIDATE_PRODUCT = YES;
			};
			name = Release;
		};
		9B851C8E2C41D8E0006BEED4 /* Debug */ = {
			isa = XCBuildConfiguration;
			buildSettings = {
				ASSETCATALOG_COMPILER_APPICON_NAME = AppIcon;
				ASSETCATALOG_COMPILER_GLOBAL_ACCENT_COLOR_NAME = AccentColor;
				CODE_SIGN_STYLE = Automatic;
				CURRENT_PROJECT_VERSION = 1;
				DEVELOPMENT_ASSET_PATHS = "\"MedTracker/Preview Content\"";
				ENABLE_PREVIEWS = YES;
				GENERATE_INFOPLIST_FILE = YES;
				INFOPLIST_KEY_UIApplicationSceneManifest_Generation = YES;
				INFOPLIST_KEY_UIApplicationSupportsIndirectInputEvents = YES;
				INFOPLIST_KEY_UILaunchScreen_Generation = YES;
				INFOPLIST_KEY_UISupportedInterfaceOrientations_iPad = "UIInterfaceOrientationPortrait UIInterfaceOrientationPortraitUpsideDown UIInterfaceOrientationLandscapeLeft UIInterfaceOrientationLandscapeRight";
				INFOPLIST_KEY_UISupportedInterfaceOrientations_iPhone = "UIInterfaceOrientationPortrait UIInterfaceOrientationLandscapeLeft UIInterfaceOrientationLandscapeRight";
				LD_RUNPATH_SEARCH_PATHS = (
					"$(inherited)",
					"@executable_path/Frameworks",
				);
				MARKETING_VERSION = 1.0;
				PRODUCT_BUNDLE_IDENTIFIER = com.example.MedTracker;
				PRODUCT_NAME = "$(TARGET_NAME)";
				SWIFT_EMIT_LOC_STRINGS = YES;
				SWIFT_VERSION = 5.0;
				TARGETED_DEVICE_FAMILY = "1,2";
			};
			name = Debug;
		};
		9B851C8F2C41D8E0006BEED4 /* Release */ = {
			isa = XCBuildConfiguration;
			buildSettings = {
				ASSETCATALOG_COMPILER_APPICON_NAME = AppIcon;
				ASSETCATALOG_COMPILER_GLOBAL_ACCENT_COLOR_NAME = AccentColor;
				CODE_SIGN_STYLE = Automatic;
				CURRENT_PROJECT_VERSION = 1;
				DEVELOPMENT_ASSET_PATHS = "\"MedTracker/Preview Content\"";
				ENABLE_PREVIEWS = YES;
				GENERATE_INFOPLIST_FILE = YES;
				INFOPLIST_KEY_UIApplicationSceneManifest_Generation = YES;
				INFOPLIST_KEY_UIApplicationSupportsIndirectInputEvents = YES;
				INFOPLIST_KEY_UILaunchScreen_Generation = YES;
				INFOPLIST_KEY_UISupportedInterfaceOrientations_iPad = "UIInterfaceOrientationPortrait UIInterfaceOrientationPortraitUpsideDown UIInterfaceOrientationLandscapeLeft UIInterfaceOrientationLandscapeRight";
				INFOPLIST_KEY_UISupportedInterfaceOrientations_iPhone = "UIInterfaceOrientationPortrait UIInterfaceOrientationLandscapeLeft UIInterfaceOrientationLandscapeRight";
				LD_RUNPATH_SEARCH_PATHS = (
					"$(inherited)",
					"@executable_path/Frameworks",
				);
				MARKETING_VERSION = 1.0;
				PRODUCT_BUNDLE_IDENTIFIER = com.example.MedTracker;
				PRODUCT_NAME = "$(TARGET_NAME)";
				SWIFT_EMIT_LOC_STRINGS = YES;
				SWIFT_VERSION = 5.0;
				TARGETED_DEVICE_FAMILY = "1,2";
			};
			name = Release;
		};
/* End XCBuildConfiguration section */

/* Begin XCConfigurationList section */
		9B851C782C41D8DF006BEED4 /* Build configuration list for PBXProject "MedTracker" */ = {
			isa = XCConfigurationList;
			buildConfigurations = (
				9B851C8B2C41D8E0006BEED4 /* Debug */,
				9B851C8C2C41D8E0006BEED4 /* Release */,
			);
			defaultConfigurationIsVisible = 0;
			defaultConfigurationName = Release;
		};
		9B851C8D2C41D8E0006BEED4 /* Build configuration list for PBXNativeTarget "MedTracker" */ = {
			isa = XCConfigurationList;
			buildConfigurations = (
				9B851C8E2C41D8E0006BEED4 /* Debug */,
				9B851C8F2C41D8E0006BEED4 /* Release */,
			);
			defaultConfigurationIsVisible = 0;
			defaultConfigurationName = Release;
		};
/* End XCConfigurationList section */
	};
	rootObject = 9B851C752C41D8DF006BEED4 /* Project object */;
}
